
Microsoft Visual Studio Solution File, Format Version 12.00
# Visual Studio Version 16
VisualStudioVersion = 16.0.30621.155
MinimumVisualStudioVersion = 10.0.40219.1
Project("{FAE04EC0-301F-11D3-BF4B-00C04F79EFBC}") = "CodingQuestion", "CodingQuestion\CodingQuestion.csproj", "{F3B8CF8D-F1E2-4332-A675-5607FE0F73B5}"
EndProject
Project("{FAE04EC0-301F-11D3-BF4B-00C04F79EFBC}") = "CodingQuestion.Tests", "CodingQuestion.Tests\CodingQuestion.Tests.csproj", "{EFE08E1C-F855-4741-BFD4-84AC7F7A5B3D}"
EndProject
Global
	GlobalSection(SolutionConfigurationPlatforms) = preSolution
		Debug|Any CPU = Debug|Any CPU
		Release|Any CPU = Release|Any CPU
	EndGlobalSection
	GlobalSection(ProjectConfigurationPlatforms) = postSolution
		{F3B8CF8D-F1E2-4332-A675-5607FE0F73B5}.Debug|Any CPU.ActiveCfg = Debug|Any CPU
		{F3B8CF8D-F1E2-4332-A675-5607FE0F73B5}.Debug|Any CPU.Build.0 = Debug|Any CPU
		{F3B8CF8D-F1E2-4332-A675-5607FE0F73B5}.Release|Any CPU.ActiveCfg = Release|Any CPU
		{F3B8CF8D-F1E2-4332-A675-5607FE0F73B5}.Release|Any CPU.Build.0 = Release|Any CPU
		{EFE08E1C-F855-4741-BFD4-84AC7F7A5B3D}.Debug|Any CPU.ActiveCfg = Debug|Any CPU
		{EFE08E1C-F855-4741-BFD4-84AC7F7A5B3D}.Debug|Any CPU.Build.0 = Debug|Any CPU
		{EFE08E1C-F855-4741-BFD4-84AC7F7A5B3D}.Release|Any CPU.ActiveCfg = Release|Any CPU
		{EFE08E1C-F855-4741-BFD4-84AC7F7A5B3D}.Release|Any CPU.Build.0 = Release|Any CPU
	EndGlobalSection
	GlobalSection(SolutionProperties) = preSolution
		HideSolutionNode = FALSE
	EndGlobalSection
	GlobalSection(ExtensibilityGlobals) = postSolution
		SolutionGuid = {0A7A9679-59B0-4E1A-8557-B1CFB1D415B3}
	EndGlobalSection
EndGlobal
